// !$*UTF8*$!
{
	archiveVersion = 1;
	classes = {
	};
	objectVersion = 56;
	objects = {

/* Begin PBXBuildFile section */
		7BB7EB28298D177600E28C3D /* BoardLib.docc in Sources */ = {isa = PBXBuildFile; fileRef = 7BB7EB27298D177600E28C3D /* BoardLib.docc */; };
		7BB7EB2E298D177600E28C3D /* BoardLib.framework in Frameworks */ = {isa = PBXBuildFile; fileRef = 7BB7EB23298D177600E28C3D /* BoardLib.framework */; };
		7BB7EB33298D177600E28C3D /* BoardLibTests.swift in Sources */ = {isa = PBXBuildFile; fileRef = 7BB7EB32298D177600E28C3D /* BoardLibTests.swift */; };
		7BB7EB34298D177600E28C3D /* BoardLib.h in Headers */ = {isa = PBXBuildFile; fileRef = 7BB7EB26298D177600E28C3D /* BoardLib.h */; settings = {ATTRIBUTES = (Public, ); }; };
/* End PBXBuildFile section */

/* Begin PBXContainerItemProxy section */
		7BB7EB2F298D177600E28C3D /* PBXContainerItemProxy */ = {
			isa = PBXContainerItemProxy;
			containerPortal = 7BB7EB1A298D177600E28C3D /* Project object */;
			proxyType = 1;
			remoteGlobalIDString = 7BB7EB22298D177600E28C3D;
			remoteInfo = BoardLib;
		};
/* End PBXContainerItemProxy section */

/* Begin PBXFileReference section */
		7BB7EB23298D177600E28C3D /* BoardLib.framework */ = {isa = PBXFileReference; explicitFileType = wrapper.framework; includeInIndex = 0; path = BoardLib.framework; sourceTree = BUILT_PRODUCTS_DIR; };
		7BB7EB26298D177600E28C3D /* BoardLib.h */ = {isa = PBXFileReference; lastKnownFileType = sourcecode.c.h; path = BoardLib.h; sourceTree = "<group>"; };
		7BB7EB27298D177600E28C3D /* BoardLib.docc */ = {isa = PBXFileReference; lastKnownFileType = folder.documentationcatalog; path = BoardLib.docc; sourceTree = "<group>"; };
		7BB7EB2D298D177600E28C3D /* BoardLibTests.xctest */ = {isa = PBXFileReference; explicitFileType = wrapper.cfbundle; includeInIndex = 0; path = BoardLibTests.xctest; sourceTree = BUILT_PRODUCTS_DIR; };
		7BB7EB32298D177600E28C3D /* BoardLibTests.swift */ = {isa = PBXFileReference; lastKnownFileType = sourcecode.swift; path = BoardLibTests.swift; sourceTree = "<group>"; };
/* End PBXFileReference section */

/* Begin PBXFrameworksBuildPhase section */
		7BB7EB20298D177600E28C3D /* Frameworks */ = {
			isa = PBXFrameworksBuildPhase;
			buildActionMask = 2147483647;
			files = (
			);
			runOnlyForDeploymentPostprocessing = 0;
		};
		7BB7EB2A298D177600E28C3D /* Frameworks */ = {
			isa = PBXFrameworksBuildPhase;
			buildActionMask = 2147483647;
			files = (
				7BB7EB2E298D177600E28C3D /* BoardLib.framework in Frameworks */,
			);
			runOnlyForDeploymentPostprocessing = 0;
		};
/* End PBXFrameworksBuildPhase section */

/* Begin PBXGroup section */
		7BB7EB19298D177600E28C3D = {
			isa = PBXGroup;
			children = (
				7BB7EB25298D177600E28C3D /* BoardLib */,
				7BB7EB31298D177600E28C3D /* BoardLibTests */,
				7BB7EB24298D177600E28C3D /* Products */,
			);
			sourceTree = "<group>";
		};
		7BB7EB24298D177600E28C3D /* Products */ = {
			isa = PBXGroup;
			children = (
				7BB7EB23298D177600E28C3D /* BoardLib.framework */,
				7BB7EB2D298D177600E28C3D /* BoardLibTests.xctest */,
			);
			name = Products;
			sourceTree = "<group>";
		};
		7BB7EB25298D177600E28C3D /* BoardLib */ = {
			isa = PBXGroup;
			children = (
				7BB7EB26298D177600E28C3D /* BoardLib.h */,
				7BB7EB27298D177600E28C3D /* BoardLib.docc */,
			);
			path = BoardLib;
			sourceTree = "<group>";
		};
		7BB7EB31298D177600E28C3D /* BoardLibTests */ = {
			isa = PBXGroup;
			children = (
				7BB7EB32298D177600E28C3D /* BoardLibTests.swift */,
			);
			path = BoardLibTests;
			sourceTree = "<group>";
		};
/* End PBXGroup section */

/* Begin PBXHeadersBuildPhase section */
		7BB7EB1E298D177600E28C3D /* Headers */ = {
			isa = PBXHeadersBuildPhase;
			buildActionMask = 2147483647;
			files = (
				7BB7EB34298D177600E28C3D /* BoardLib.h in Headers */,
			);
			runOnlyForDeploymentPostprocessing = 0;
		};
/* End PBXHeadersBuildPhase section */

/* Begin PBXNativeTarget section */
		7BB7EB22298D177600E28C3D /* BoardLib */ = {
			isa = PBXNativeTarget;
			buildConfigurationList = 7BB7EB37298D177600E28C3D /* Build configuration list for PBXNativeTarget "BoardLib" */;
			buildPhases = (
				7BB7EB1E298D177600E28C3D /* Headers */,
				7BB7EB1F298D177600E28C3D /* Sources */,
				7BB7EB20298D177600E28C3D /* Frameworks */,
				7BB7EB21298D177600E28C3D /* Resources */,
			);
			buildRules = (
			);
			dependencies = (
			);
			name = BoardLib;
			productName = BoardLib;
			productReference = 7BB7EB23298D177600E28C3D /* BoardLib.framework */;
			productType = "com.apple.product-type.framework";
		};
		7BB7EB2C298D177600E28C3D /* BoardLibTests */ = {
			isa = PBXNativeTarget;
			buildConfigurationList = 7BB7EB3A298D177600E28C3D /* Build configuration list for PBXNativeTarget "BoardLibTests" */;
			buildPhases = (
				7BB7EB29298D177600E28C3D /* Sources */,
				7BB7EB2A298D177600E28C3D /* Frameworks */,
				7BB7EB2B298D177600E28C3D /* Resources */,
			);
			buildRules = (
			);
			dependencies = (
				7BB7EB30298D177600E28C3D /* PBXTargetDependency */,
			);
			name = BoardLibTests;
			productName = BoardLibTests;
			productReference = 7BB7EB2D298D177600E28C3D /* BoardLibTests.xctest */;
			productType = "com.apple.product-type.bundle.unit-test";
		};
/* End PBXNativeTarget section */

/* Begin PBXProject section */
		7BB7EB1A298D177600E28C3D /* Project object */ = {
			isa = PBXProject;
			attributes = {
				BuildIndependentTargetsInParallel = 1;
				LastSwiftUpdateCheck = 1400;
				LastUpgradeCheck = 1400;
				TargetAttributes = {
					7BB7EB22298D177600E28C3D = {
						CreatedOnToolsVersion = 14.0.1;
					};
					7BB7EB2C298D177600E28C3D = {
						CreatedOnToolsVersion = 14.0.1;
					};
				};
			};
			buildConfigurationList = 7BB7EB1D298D177600E28C3D /* Build configuration list for PBXProject "BoardLib" */;
			compatibilityVersion = "Xcode 14.0";
			developmentRegion = en;
			hasScannedForEncodings = 0;
			knownRegions = (
				en,
				Base,
			);
			mainGroup = 7BB7EB19298D177600E28C3D;
			productRefGroup = 7BB7EB24298D177600E28C3D /* Products */;
			projectDirPath = "";
			projectRoot = "";
			targets = (
				7BB7EB22298D177600E28C3D /* BoardLib */,
				7BB7EB2C298D177600E28C3D /* BoardLibTests */,
			);
		};
/* End PBXProject section */

/* Begin PBXResourcesBuildPhase section */
		7BB7EB21298D177600E28C3D /* Resources */ = {
			isa = PBXResourcesBuildPhase;
			buildActionMask = 2147483647;
			files = (
			);
			runOnlyForDeploymentPostprocessing = 0;
		};
		7BB7EB2B298D177600E28C3D /* Resources */ = {
			isa = PBXResourcesBuildPhase;
			buildActionMask = 2147483647;
			files = (
			);
			runOnlyForDeploymentPostprocessing = 0;
		};
/* End PBXResourcesBuildPhase section */

/* Begin PBXSourcesBuildPhase section */
		7BB7EB1F298D177600E28C3D /* Sources */ = {
			isa = PBXSourcesBuildPhase;
			buildActionMask = 2147483647;
			files = (
				7BB7EB28298D177600E28C3D /* BoardLib.docc in Sources */,
			);
			runOnlyForDeploymentPostprocessing = 0;
		};
		7BB7EB29298D177600E28C3D /* Sources */ = {
			isa = PBXSourcesBuildPhase;
			buildActionMask = 2147483647;
			files = (
				7BB7EB33298D177600E28C3D /* BoardLibTests.swift in Sources */,
			);
			runOnlyForDeploymentPostprocessing = 0;
		};
/* End PBXSourcesBuildPhase section */

/* Begin PBXTargetDependency section */
		7BB7EB30298D177600E28C3D /* PBXTargetDependency */ = {
			isa = PBXTargetDependency;
			target = 7BB7EB22298D177600E28C3D /* BoardLib */;
			targetProxy = 7BB7EB2F298D177600E28C3D /* PBXContainerItemProxy */;
		};
/* End PBXTargetDependency section */

/* Begin XCBuildConfiguration section */
		7BB7EB35298D177600E28C3D /* Debug */ = {
			isa = XCBuildConfiguration;
			buildSettings = {
				ALWAYS_SEARCH_USER_PATHS = NO;
				CLANG_ANALYZER_NONNULL = YES;
				CLANG_ANALYZER_NUMBER_OBJECT_CONVERSION = YES_AGGRESSIVE;
				CLANG_CXX_LANGUAGE_STANDARD = "gnu++20";
				CLANG_ENABLE_MODULES = YES;
				CLANG_ENABLE_OBJC_ARC = YES;
				CLANG_ENABLE_OBJC_WEAK = YES;
				CLANG_WARN_BLOCK_CAPTURE_AUTORELEASING = YES;
				CLANG_WARN_BOOL_CONVERSION = YES;
				CLANG_WARN_COMMA = YES;
				CLANG_WARN_CONSTANT_CONVERSION = YES;
				CLANG_WARN_DEPRECATED_OBJC_IMPLEMENTATIONS = YES;
				CLANG_WARN_DIRECT_OBJC_ISA_USAGE = YES_ERROR;
				CLANG_WARN_DOCUMENTATION_COMMENTS = YES;
				CLANG_WARN_EMPTY_BODY = YES;
				CLANG_WARN_ENUM_CONVERSION = YES;
				CLANG_WARN_INFINITE_RECURSION = YES;
				CLANG_WARN_INT_CONVERSION = YES;
				CLANG_WARN_NON_LITERAL_NULL_CONVERSION = YES;
				CLANG_WARN_OBJC_IMPLICIT_RETAIN_SELF = YES;
				CLANG_WARN_OBJC_LITERAL_CONVERSION = YES;
				CLANG_WARN_OBJC_ROOT_CLASS = YES_ERROR;
				CLANG_WARN_QUOTED_INCLUDE_IN_FRAMEWORK_HEADER = YES;
				CLANG_WARN_RANGE_LOOP_ANALYSIS = YES;
				CLANG_WARN_STRICT_PROTOTYPES = YES;
				CLANG_WARN_SUSPICIOUS_MOVE = YES;
				CLANG_WARN_UNGUARDED_AVAILABILITY = YES_AGGRESSIVE;
				CLANG_WARN_UNREACHABLE_CODE = YES;
				CLANG_WARN__DUPLICATE_METHOD_MATCH = YES;
				COPY_PHASE_STRIP = NO;
				CURRENT_PROJECT_VERSION = 1;
				DEBUG_INFORMATION_FORMAT = dwarf;
				ENABLE_STRICT_OBJC_MSGSEND = YES;
				ENABLE_TESTABILITY = YES;
				GCC_C_LANGUAGE_STANDARD = gnu11;
				GCC_DYNAMIC_NO_PIC = NO;
				GCC_NO_COMMON_BLOCKS = YES;
				GCC_OPTIMIZATION_LEVEL = 0;
				GCC_PREPROCESSOR_DEFINITIONS = (
					"DEBUG=1",
					"$(inherited)",
				);
				GCC_WARN_64_TO_32_BIT_CONVERSION = YES;
				GCC_WARN_ABOUT_RETURN_TYPE = YES_ERROR;
				GCC_WARN_UNDECLARED_SELECTOR = YES;
				GCC_WARN_UNINITIALIZED_AUTOS = YES_AGGRESSIVE;
				GCC_WARN_UNUSED_FUNCTION = YES;
				GCC_WARN_UNUSED_VARIABLE = YES;
				IPHONEOS_DEPLOYMENT_TARGET = 16.0;
				MTL_ENABLE_DEBUG_INFO = INCLUDE_SOURCE;
				MTL_FAST_MATH = YES;
				ONLY_ACTIVE_ARCH = YES;
				SDKROOT = iphoneos;
				SWIFT_ACTIVE_COMPILATION_CONDITIONS = DEBUG;
				SWIFT_OPTIMIZATION_LEVEL = "-Onone";
				VERSIONING_SYSTEM = "apple-generic";
				VERSION_INFO_PREFIX = "";
			};
			name = Debug;
		};
		7BB7EB36298D177600E28C3D /* Release */ = {
			isa = XCBuildConfiguration;
			buildSettings = {
				ALWAYS_SEARCH_USER_PATHS = NO;
				CLANG_ANALYZER_NONNULL = YES;
				CLANG_ANALYZER_NUMBER_OBJECT_CONVERSION = YES_AGGRESSIVE;
				CLANG_CXX_LANGUAGE_STANDARD = "gnu++20";
				CLANG_ENABLE_MODULES = YES;
				CLANG_ENABLE_OBJC_ARC = YES;
				CLANG_ENABLE_OBJC_WEAK = YES;
				CLANG_WARN_BLOCK_CAPTURE_AUTORELEASING = YES;
				CLANG_WARN_BOOL_CONVERSION = YES;
				CLANG_WARN_COMMA = YES;
				CLANG_WARN_CONSTANT_CONVERSION = YES;
				CLANG_WARN_DEPRECATED_OBJC_IMPLEMENTATIONS = YES;
				CLANG_WARN_DIRECT_OBJC_ISA_USAGE = YES_ERROR;
				CLANG_WARN_DOCUMENTATION_COMMENTS = YES;
				CLANG_WARN_EMPTY_BODY = YES;
				CLANG_WARN_ENUM_CONVERSION = YES;
				CLANG_WARN_INFINITE_RECURSION = YES;
				CLANG_WARN_INT_CONVERSION = YES;
				CLANG_WARN_NON_LITERAL_NULL_CONVERSION = YES;
				CLANG_WARN_OBJC_IMPLICIT_RETAIN_SELF = YES;
				CLANG_WARN_OBJC_LITERAL_CONVERSION = YES;
				CLANG_WARN_OBJC_ROOT_CLASS = YES_ERROR;
				CLANG_WARN_QUOTED_INCLUDE_IN_FRAMEWORK_HEADER = YES;
				CLANG_WARN_RANGE_LOOP_ANALYSIS = YES;
				CLANG_WARN_STRICT_PROTOTYPES = YES;
				CLANG_WARN_SUSPICIOUS_MOVE = YES;
				CLANG_WARN_UNGUARDED_AVAILABILITY = YES_AGGRESSIVE;
				CLANG_WARN_UNREACHABLE_CODE = YES;
				CLANG_WARN__DUPLICATE_METHOD_MATCH = YES;
				COPY_PHASE_STRIP = NO;
				CURRENT_PROJECT_VERSION = 1;
				DEBUG_INFORMATION_FORMAT = "dwarf-with-dsym";
				ENABLE_NS_ASSERTIONS = NO;
				ENABLE_STRICT_OBJC_MSGSEND = YES;
				GCC_C_LANGUAGE_STANDARD = gnu11;
				GCC_NO_COMMON_BLOCKS = YES;
				GCC_WARN_64_TO_32_BIT_CONVERSION = YES;
				GCC_WARN_ABOUT_RETURN_TYPE = YES_ERROR;
				GCC_WARN_UNDECLARED_SELECTOR = YES;
				GCC_WARN_UNINITIALIZED_AUTOS = YES_AGGRESSIVE;
				GCC_WARN_UNUSED_FUNCTION = YES;
				GCC_WARN_UNUSED_VARIABLE = YES;
				IPHONEOS_DEPLOYMENT_TARGET = 16.0;
				MTL_ENABLE_DEBUG_INFO = NO;
				MTL_FAST_MATH = YES;
				SDKROOT = iphoneos;
				SWIFT_COMPILATION_MODE = wholemodule;
				SWIFT_OPTIMIZATION_LEVEL = "-O";
				VALIDATE_PRODUCT = YES;
				VERSIONING_SYSTEM = "apple-generic";
				VERSION_INFO_PREFIX = "";
			};
			name = Release;
		};
		7BB7EB38298D177600E28C3D /* Debug */ = {
			isa = XCBuildConfiguration;
			buildSettings = {
				CODE_SIGN_STYLE = Automatic;
				CURRENT_PROJECT_VERSION = 1;
				DEFINES_MODULE = YES;
				DYLIB_COMPATIBILITY_VERSION = 1;
				DYLIB_CURRENT_VERSION = 1;
				DYLIB_INSTALL_NAME_BASE = "@rpath";
				GENERATE_INFOPLIST_FILE = YES;
				INFOPLIST_KEY_NSHumanReadableCopyright = "";
				INSTALL_PATH = "$(LOCAL_LIBRARY_DIR)/Frameworks";
				LD_RUNPATH_SEARCH_PATHS = (
					"$(inherited)",
					"@executable_path/Frameworks",
					"@loader_path/Frameworks",
				);
				MARKETING_VERSION = 1.0;
				PRODUCT_BUNDLE_IDENTIFIER = com.aliafzal.BoardLib;
				PRODUCT_NAME = "$(TARGET_NAME:c99extidentifier)";
				SKIP_INSTALL = YES;
				SWIFT_EMIT_LOC_STRINGS = YES;
				SWIFT_VERSION = 5.0;
				TARGETED_DEVICE_FAMILY = "1,2";
			};
			name = Debug;
		};
		7BB7EB39298D177600E28C3D /* Release */ = {
			isa = XCBuildConfiguration;
			buildSettings = {
				CODE_SIGN_STYLE = Automatic;
				CURRENT_PROJECT_VERSION = 1;
				DEFINES_MODULE = YES;
				DYLIB_COMPATIBILITY_VERSION = 1;
				DYLIB_CURRENT_VERSION = 1;
				DYLIB_INSTALL_NAME_BASE = "@rpath";
				GENERATE_INFOPLIST_FILE = YES;
				INFOPLIST_KEY_NSHumanReadableCopyright = "";
				INSTALL_PATH = "$(LOCAL_LIBRARY_DIR)/Frameworks";
				LD_RUNPATH_SEARCH_PATHS = (
					"$(inherited)",
					"@executable_path/Frameworks",
					"@loader_path/Frameworks",
				);
				MARKETING_VERSION = 1.0;
				PRODUCT_BUNDLE_IDENTIFIER = com.aliafzal.BoardLib;
				PRODUCT_NAME = "$(TARGET_NAME:c99extidentifier)";
				SKIP_INSTALL = YES;
				SWIFT_EMIT_LOC_STRINGS = YES;
				SWIFT_VERSION = 5.0;
				TARGETED_DEVICE_FAMILY = "1,2";
			};
			name = Release;
		};
		7BB7EB3B298D177600E28C3D /* Debug */ = {
			isa = XCBuildConfiguration;
			buildSettings = {
				CODE_SIGN_STYLE = Automatic;
				CURRENT_PROJECT_VERSION = 1;
				GENERATE_INFOPLIST_FILE = YES;
				MARKETING_VERSION = 1.0;
				PRODUCT_BUNDLE_IDENTIFIER = com.aliafzal.BoardLibTests;
				PRODUCT_NAME = "$(TARGET_NAME)";
				SWIFT_EMIT_LOC_STRINGS = NO;
				SWIFT_VERSION = 5.0;
				TARGETED_DEVICE_FAMILY = "1,2";
			};
			name = Debug;
		};
		7BB7EB3C298D177600E28C3D /* Release */ = {
			isa = XCBuildConfiguration;
			buildSettings = {
				CODE_SIGN_STYLE = Automatic;
				CURRENT_PROJECT_VERSION = 1;
				GENERATE_INFOPLIST_FILE = YES;
				MARKETING_VERSION = 1.0;
				PRODUCT_BUNDLE_IDENTIFIER = com.aliafzal.BoardLibTests;
				PRODUCT_NAME = "$(TARGET_NAME)";
				SWIFT_EMIT_LOC_STRINGS = NO;
				SWIFT_VERSION = 5.0;
				TARGETED_DEVICE_FAMILY = "1,2";
			};
			name = Release;
		};
/* End XCBuildConfiguration section */

/* Begin XCConfigurationList section */
		7BB7EB1D298D177600E28C3D /* Build configuration list for PBXProject "BoardLib" */ = {
			isa = XCConfigurationList;
			buildConfigurations = (
				7BB7EB35298D177600E28C3D /* Debug */,
				7BB7EB36298D177600E28C3D /* Release */,
			);
			defaultConfigurationIsVisible = 0;
			defaultConfigurationName = Release;
		};
		7BB7EB37298D177600E28C3D /* Build configuration list for PBXNativeTarget "BoardLib" */ = {
			isa = XCConfigurationList;
			buildConfigurations = (
				7BB7EB38298D177600E28C3D /* Debug */,
				7BB7EB39298D177600E28C3D /* Release */,
			);
			defaultConfigurationIsVisible = 0;
			defaultConfigurationName = Release;
		};
		7BB7EB3A298D177600E28C3D /* Build configuration list for PBXNativeTarget "BoardLibTests" */ = {
			isa = XCConfigurationList;
			buildConfigurations = (
				7BB7EB3B298D177600E28C3D /* Debug */,
				7BB7EB3C298D177600E28C3D /* Release */,
			);
			defaultConfigurationIsVisible = 0;
			defaultConfigurationName = Release;
		};
/* End XCConfigurationList section */
	};
	rootObject = 7BB7EB1A298D177600E28C3D /* Project object */;
}
